{
  "requires": true,
  "lockfileVersion": 1,
  "dependencies": {
    "@babel/runtime": {
      "version": "7.7.2",
      "resolved": "https://registry.npmjs.org/@babel/runtime/-/runtime-7.7.2.tgz",
      "integrity": "sha512-JONRbXbTXc9WQE2mAZd1p0Z3DZ/6vaQIkgYMSTP3KjRCyd7rCZCcfhCyX+YjwcKxcZ82UrxbRD358bpExNgrjw==",
      "requires": {
        "regenerator-runtime": "^0.13.2"
      }
    },
    "@next/env": {
      "version": "13.0.2",
      "resolved": "https://registry.npmjs.org/@next/env/-/env-13.0.2.tgz",
      "integrity": "sha512-Qb6WPuRriGIQ19qd6NBxpcrFOfj8ziN7l9eZUfwff5gl4zLXluqtuZPddYZM/oWjN53ZYcuRXzL+oowKyJeYtA=="
    },
    "@next/swc-android-arm-eabi": {
      "version": "13.0.2",
      "resolved": "https://registry.npmjs.org/@next/swc-android-arm-eabi/-/swc-android-arm-eabi-13.0.2.tgz",
      "integrity": "sha512-X54UQCTFyOGnJP//Z71dPPlp4BCYcQL2ncikKXQcPzVpqPs4C3m+tKC8ivBNH6edAXkppwsLRz1/yQwgSZ9Swg==",
      "optional": true
    },
    "@next/swc-android-arm64": {
      "version": "13.0.2",
      "resolved": "https://registry.npmjs.org/@next/swc-android-arm64/-/swc-android-arm64-13.0.2.tgz",
      "integrity": "sha512-1P00Kv8uKaLubqo7JzPrTqgFAzSOmfb8iwqJrOb9in5IvTRtNGlkR4hU0sXzqbQNM/+SaYxze6Z5ry1IDyb/cQ==",
      "optional": true
    },
    "@next/swc-darwin-arm64": {
      "version": "13.0.2",
      "resolved": "https://registry.npmjs.org/@next/swc-darwin-arm64/-/swc-darwin-arm64-13.0.2.tgz",
      "integrity": "sha512-1zGIOkInkOLRv0QQGZ+3wffYsyKI4vIy62LYTvDWUn7TAYqnmXwougp9NSLqDeagLwgsv2URrykyAFixA/YqxA==",
      "optional": true
    },
    "@next/swc-darwin-x64": {
      "version": "13.0.2",
      "resolved": "https://registry.npmjs.org/@next/swc-darwin-x64/-/swc-darwin-x64-13.0.2.tgz",
      "integrity": "sha512-ECDAjoMP1Y90cARaelS6X+k6BQx+MikAYJ8f/eaJrLur44NIOYc9HA/dgcTp5jenguY4yT8V+HCquLjAVle6fA==",
      "optional": true
    },
    "@next/swc-freebsd-x64": {
      "version": "13.0.2",
      "resolved": "https://registry.npmjs.org/@next/swc-freebsd-x64/-/swc-freebsd-x64-13.0.2.tgz",
      "integrity": "sha512-2DcL/ofQdBnQX3IoI9sjlIAyLCD1oZoUBuhrhWbejvBQjutWrI0JTEv9uG69WcxWhVMm3BCsjv8GK2/68OKp7A==",
      "optional": true
    },
    "@next/swc-linux-arm-gnueabihf": {
      "version": "13.0.2",
      "resolved": "https://registry.npmjs.org/@next/swc-linux-arm-gnueabihf/-/swc-linux-arm-gnueabihf-13.0.2.tgz",
      "integrity": "sha512-Y3OQF1CSBSWW2vGkmvOIuOUNqOq8qX7f1ZpcKUVWP3/Uq++DZmVi9d18lgnSe1I3QFqc+nXWyun9ljsN83j0sw==",
      "optional": true
    },
    "@next/swc-linux-arm64-gnu": {
      "version": "13.0.2",
      "resolved": "https://registry.npmjs.org/@next/swc-linux-arm64-gnu/-/swc-linux-arm64-gnu-13.0.2.tgz",
      "integrity": "sha512-mNyzwsFF6kwZYEjnGicx9ksDZYEZvyzEc1BtCu8vdZi/v8UeixQwCiAT6FyYX9uxMPEkzk8qiU0t0u9gvltsKw==",
      "optional": true
    },
    "@next/swc-linux-arm64-musl": {
      "version": "13.0.2",
      "resolved": "https://registry.npmjs.org/@next/swc-linux-arm64-musl/-/swc-linux-arm64-musl-13.0.2.tgz",
      "integrity": "sha512-M6SdYjWgRrY3tJBxz0663zCRPTu5BRONmxlftKWWHv9LjAJ59neTLaGj4rp0A08DkJglZIoCkLOzLrzST6TGag==",
      "optional": true
    },
    "@next/swc-linux-x64-gnu": {
      "version": "13.0.2",
      "resolved": "https://registry.npmjs.org/@next/swc-linux-x64-gnu/-/swc-linux-x64-gnu-13.0.2.tgz",
      "integrity": "sha512-pi63RoxvG4ES1KS06Zpm0MATVIXTs/TIbLbdckeLoM40u1d3mQl/+hSSrLRSxzc2OtyL8fh92sM4gkJrQXAMAw==",
      "optional": true
    },
    "@next/swc-linux-x64-musl": {
      "version": "13.0.2",
      "resolved": "https://registry.npmjs.org/@next/swc-linux-x64-musl/-/swc-linux-x64-musl-13.0.2.tgz",
      "integrity": "sha512-9Pv91gfYnDONgjtRm78n64b/c54+azeHtlnqBLTnIFWSMBDRl1/WDkhKWIj3fBGPLimtK7Tko3ULR3og9RRUPw==",
      "optional": true
    },
    "@next/swc-win32-arm64-msvc": {
      "version": "13.0.2",
      "resolved": "https://registry.npmjs.org/@next/swc-win32-arm64-msvc/-/swc-win32-arm64-msvc-13.0.2.tgz",
      "integrity": "sha512-Nvewe6YZaizAkGHHprbMkYqQulBjZCHKBGKeFPwoPtOA+a2Qi4pZzc/qXFyC5/2A6Z0mr2U1zg9rd04WBYMwBw==",
      "optional": true
    },
    "@next/swc-win32-ia32-msvc": {
      "version": "13.0.2",
      "resolved": "https://registry.npmjs.org/@next/swc-win32-ia32-msvc/-/swc-win32-ia32-msvc-13.0.2.tgz",
      "integrity": "sha512-ZUBYGZw5G3QrqDpRq1EWi3aHmvPZM8ijK5TFL6UbH16cYQ0JpANmuG2P66KB93Qe/lWWzbeAZk/tj1XqwoCuPA==",
      "optional": true
    },
    "@next/swc-win32-x64-msvc": {
      "version": "13.0.2",
      "resolved": "https://registry.npmjs.org/@next/swc-win32-x64-msvc/-/swc-win32-x64-msvc-13.0.2.tgz",
      "integrity": "sha512-fA9uW1dm7C0mEYGcKlbmLcVm2sKcye+1kPxh2cM4jVR+kQQMtHWsjIzeSpe2grQLSDan06z4n6hbr8b1c3hA8w==",
      "optional": true
    },
    "@redux-saga/core": {
      "version": "1.1.3",
      "resolved": "https://registry.npmjs.org/@redux-saga/core/-/core-1.1.3.tgz",
      "integrity": "sha512-8tInBftak8TPzE6X13ABmEtRJGjtK17w7VUs7qV17S8hCO5S3+aUTWZ/DBsBJPdE8Z5jOPwYALyvofgq1Ws+kg==",
      "requires": {
        "@babel/runtime": "^7.6.3",
        "@redux-saga/deferred": "^1.1.2",
        "@redux-saga/delay-p": "^1.1.2",
        "@redux-saga/is": "^1.1.2",
        "@redux-saga/symbols": "^1.1.2",
        "@redux-saga/types": "^1.1.0",
        "redux": "^4.0.4",
        "typescript-tuple": "^2.2.1"
      }
    },
    "@redux-saga/deferred": {
      "version": "1.1.2",
      "resolved": "https://registry.npmjs.org/@redux-saga/deferred/-/deferred-1.1.2.tgz",
      "integrity": "sha512-908rDLHFN2UUzt2jb4uOzj6afpjgJe3MjICaUNO3bvkV/kN/cNeI9PMr8BsFXB/MR8WTAZQq/PlTq8Kww3TBSQ=="
    },
    "@redux-saga/delay-p": {
      "version": "1.1.2",
      "resolved": "https://registry.npmjs.org/@redux-saga/delay-p/-/delay-p-1.1.2.tgz",
      "integrity": "sha512-ojc+1IoC6OP65Ts5+ZHbEYdrohmIw1j9P7HS9MOJezqMYtCDgpkoqB5enAAZrNtnbSL6gVCWPHaoaTY5KeO0/g==",
      "requires": {
        "@redux-saga/symbols": "^1.1.2"
      }
    },
    "@redux-saga/is": {
      "version": "1.1.2",
      "resolved": "https://registry.npmjs.org/@redux-saga/is/-/is-1.1.2.tgz",
      "integrity": "sha512-OLbunKVsCVNTKEf2cH4TYyNbbPgvmZ52iaxBD4I1fTif4+MTXMa4/Z07L83zW/hTCXwpSZvXogqMqLfex2Tg6w==",
      "requires": {
        "@redux-saga/symbols": "^1.1.2",
        "@redux-saga/types": "^1.1.0"
      }
    },
    "@redux-saga/symbols": {
      "version": "1.1.2",
      "resolved": "https://registry.npmjs.org/@redux-saga/symbols/-/symbols-1.1.2.tgz",
      "integrity": "sha512-EfdGnF423glv3uMwLsGAtE6bg+R9MdqlHEzExnfagXPrIiuxwr3bdiAwz3gi+PsrQ3yBlaBpfGLtDG8rf3LgQQ=="
    },
    "@redux-saga/types": {
      "version": "1.1.0",
      "resolved": "https://registry.npmjs.org/@redux-saga/types/-/types-1.1.0.tgz",
      "integrity": "sha512-afmTuJrylUU/0OtqzaRkbyYFFNgCF73Bvel/sw90pvGrWIZ+vyoIJqA6eMSoA6+nb443kTmulmBtC9NerXboNg=="
    },
    "@swc/helpers": {
      "version": "0.4.11",
      "resolved": "https://registry.npmjs.org/@swc/helpers/-/helpers-0.4.11.tgz",
      "integrity": "sha512-rEUrBSGIoSFuYxwBYtlUFMlE2CwGhmW+w9355/5oduSw8e5h2+Tj4UrAGNNgP9915++wj5vkQo0UuOBqOAq4nw==",
      "requires": {
        "tslib": "^2.4.0"
      },
      "dependencies": {
        "tslib": {
          "version": "2.4.1",
          "resolved": "https://registry.npmjs.org/tslib/-/tslib-2.4.1.tgz",
          "integrity": "sha512-tGyy4dAjRIEwI7BzsB0lynWgOpfqjUdq91XXAlIWD2OwKBH7oCl/GZG/HT4BOHrTlPMOASlMQ7veyTqpmRcrNA=="
        }
      }
    },
    "axios": {
      "version": "0.21.1",
      "resolved": "https://registry.npmjs.org/axios/-/axios-0.21.1.tgz",
      "integrity": "sha512-dKQiRHxGD9PPRIUNIWvZhPTPpl1rf/OxTYKsqKUDjBwYylTvV7SjSHJb9ratfyzM6wCdLCOYLzs73qpg5c4iGA==",
      "requires": {
        "follow-redirects": "^1.10.0"
      }
    },
    "caniuse-lite": {
      "version": "1.0.30001431",
      "resolved": "https://registry.npmjs.org/caniuse-lite/-/caniuse-lite-1.0.30001431.tgz",
      "integrity": "sha512-zBUoFU0ZcxpvSt9IU66dXVT/3ctO1cy4y9cscs1szkPlcWb6pasYM144GqrUygUbT+k7cmUCW61cvskjcv0enQ=="
    },
    "client-only": {
      "version": "0.0.1",
      "resolved": "https://registry.npmjs.org/client-only/-/client-only-0.0.1.tgz",
      "integrity": "sha512-IV3Ou0jSMzZrd3pZ48nLkT9DA7Ag1pnPzaiQhpW7c3RbcqqzvzzVu+L8gfqMp/8IM2MQtSiqaCxrrcfu8I8rMA=="
    },
    "deep-diff": {
      "version": "0.3.8",
      "resolved": "https://registry.npmjs.org/deep-diff/-/deep-diff-0.3.8.tgz",
      "integrity": "sha1-wB3mPvsO7JeYgB1Ax+Da4ltYLIQ="
    },
    "deepmerge": {
      "version": "2.2.1",
      "resolved": "https://registry.npmjs.org/deepmerge/-/deepmerge-2.2.1.tgz",
      "integrity": "sha512-R9hc1Xa/NOBi9WRVUWg19rl1UB7Tt4kuPd+thNJgFZoxXsTz7ncaPaeIm+40oSGuP33DfMb4sZt1QIGiJzC4EA=="
    },
    "encoding": {
      "version": "0.1.12",
      "resolved": "https://registry.npmjs.org/encoding/-/encoding-0.1.12.tgz",
      "integrity": "sha1-U4tm8+5izRq1HsMjgp0flIDHS+s=",
      "requires": {
        "iconv-lite": "~0.4.13"
      }
    },
    "fn-name": {
      "version": "3.0.0",
      "resolved": "https://registry.npmjs.org/fn-name/-/fn-name-3.0.0.tgz",
      "integrity": "sha512-eNMNr5exLoavuAMhIUVsOKF79SWd/zG104ef6sxBTSw+cZc6BXdQXDvYcGvp0VbxVVSp1XDUNoz7mg1xMtSznA=="
    },
    "follow-redirects": {
      "version": "1.14.1",
      "resolved": "https://registry.npmjs.org/follow-redirects/-/follow-redirects-1.14.1.tgz",
      "integrity": "sha512-HWqDgT7ZEkqRzBvc2s64vSZ/hfOceEol3ac/7tKwzuvEyWx3/4UegXh5oBOIotkGsObyk3xznnSRVADBgWSQVg=="
    },
    "formik": {
      "version": "2.2.6",
      "resolved": "https://registry.npmjs.org/formik/-/formik-2.2.6.tgz",
      "integrity": "sha512-Kxk2zQRafy56zhLmrzcbryUpMBvT0tal5IvcifK5+4YNGelKsnrODFJ0sZQRMQboblWNym4lAW3bt+tf2vApSA==",
      "requires": {
        "deepmerge": "^2.1.1",
        "hoist-non-react-statics": "^3.3.0",
        "lodash": "^4.17.14",
        "lodash-es": "^4.17.14",
        "react-fast-compare": "^2.0.1",
        "tiny-warning": "^1.0.2",
        "tslib": "^1.10.0"
      }
    },
    "hoist-non-react-statics": {
      "version": "3.3.2",
      "resolved": "https://registry.npmjs.org/hoist-non-react-statics/-/hoist-non-react-statics-3.3.2.tgz",
      "integrity": "sha512-/gGivxi8JPKWNm/W0jSmzcMPpfpPLc3dY/6GxhX2hQ9iGj3aDfklV4ET7NjKpSinLpJ5vafa9iiGIEZg10SfBw==",
      "requires": {
        "react-is": "^16.7.0"
      }
    },
    "html-parse-stringify": {
      "version": "3.0.1",
      "resolved": "https://registry.npmjs.org/html-parse-stringify/-/html-parse-stringify-3.0.1.tgz",
      "integrity": "sha512-KknJ50kTInJ7qIScF3jeaFRpMpE8/lfiTdzf/twXyPBLAGrLRTmkz3AdTnKeh40X8k9L2fdYwEp/42WGXIRGcg==",
      "requires": {
        "void-elements": "3.1.0"
      }
    },
    "i18next": {
      "version": "19.9.2",
      "resolved": "https://registry.npmjs.org/i18next/-/i18next-19.9.2.tgz",
      "integrity": "sha512-0i6cuo6ER6usEOtKajUUDj92zlG+KArFia0857xxiEHAQcUwh/RtOQocui1LPJwunSYT574Pk64aNva1kwtxZg==",
      "requires": {
        "@babel/runtime": "^7.12.0"
      },
      "dependencies": {
        "@babel/runtime": {
          "version": "7.14.0",
          "resolved": "https://registry.npmjs.org/@babel/runtime/-/runtime-7.14.0.tgz",
          "integrity": "sha512-JELkvo/DlpNdJ7dlyw/eY7E0suy5i5GQH+Vlxaq1nsNJ+H7f4Vtv3jMeCEgRhZZQFXTjldYfQgv2qmM6M1v5wA==",
          "requires": {
            "regenerator-runtime": "^0.13.4"
          }
        }
      }
    },
    "iconv-lite": {
      "version": "0.4.24",
      "resolved": "https://registry.npmjs.org/iconv-lite/-/iconv-lite-0.4.24.tgz",
      "integrity": "sha512-v3MXnZAcvnywkTUEZomIActle7RXXeedOR31wwl7VlyoXO4Qi9arvSenNQWne1TcRwhCL1HwLI21bEqdpj8/rA==",
      "requires": {
        "safer-buffer": ">= 2.1.2 < 3"
      }
    },
    "immer": {
      "version": "8.0.1",
      "resolved": "https://registry.npmjs.org/immer/-/immer-8.0.1.tgz",
      "integrity": "sha512-aqXhGP7//Gui2+UrEtvxZxSquQVXTpZ7KDxfCcKAF3Vysvw0CViVaW9RZ1j1xlIYqaaaipBoqdqeibkc18PNvA=="
    },
    "is-stream": {
      "version": "1.1.0",
      "resolved": "https://registry.npmjs.org/is-stream/-/is-stream-1.1.0.tgz",
      "integrity": "sha1-EtSj3U5o4Lec6428hBc66A2RykQ="
    },
    "isomorphic-fetch": {
      "version": "2.2.1",
      "resolved": "https://registry.npmjs.org/isomorphic-fetch/-/isomorphic-fetch-2.2.1.tgz",
      "integrity": "sha1-YRrhrPFPXoH3KVB0coGf6XM1WKk=",
      "requires": {
        "node-fetch": "^1.0.1",
        "whatwg-fetch": ">=0.10.0"
      },
      "dependencies": {
        "node-fetch": {
          "version": "1.7.3",
          "resolved": "https://registry.npmjs.org/node-fetch/-/node-fetch-1.7.3.tgz",
          "integrity": "sha512-NhZ4CsKx7cYm2vSrBAr2PvFOe6sWDf0UYLRqA6svUYg7+/TSfVAu49jYC4BvQ4Sms9SZgdqGBgroqfDhJdTyKQ==",
          "requires": {
            "encoding": "^0.1.11",
            "is-stream": "^1.0.1"
          }
        }
      }
    },
    "js-tokens": {
      "version": "4.0.0",
      "resolved": "https://registry.npmjs.org/js-tokens/-/js-tokens-4.0.0.tgz",
      "integrity": "sha512-RdJUflcE3cUzKiMqQgsCu06FPu9UdIJO0beYbPhHN4k6apgJtifcoCtT9bcxOpYBtpD2kCM6Sbzg4CausW/PKQ=="
    },
    "lodash": {
      "version": "4.17.21",
      "resolved": "https://registry.npmjs.org/lodash/-/lodash-4.17.21.tgz",
      "integrity": "sha512-v2kDEe57lecTulaDIuNTPy3Ry4gLGJ6Z1O3vE1krgXZNrsQ+LFTGHVxVjcXPs17LhbZVGedAJv8XZ1tvj5FvSg=="
    },
    "lodash-es": {
      "version": "4.17.21",
      "resolved": "https://registry.npmjs.org/lodash-es/-/lodash-es-4.17.21.tgz",
      "integrity": "sha512-mKnC+QJ9pWVzv+C4/U3rRsHapFfHvQFoFB92e52xeyGMcX6/OlIl78je1u8vePzYZSkkogMPJ2yjxxsb89cxyw=="
    },
    "loose-envify": {
      "version": "1.4.0",
      "resolved": "https://registry.npmjs.org/loose-envify/-/loose-envify-1.4.0.tgz",
      "integrity": "sha512-lyuxPGr/Wfhrlem2CL/UcnUc1zcqKAImBDzukY7Y5F/yQiNdko6+fRLevlw1HgMySw7f611UIY408EtxRSoK3Q==",
      "requires": {
        "js-tokens": "^3.0.0 || ^4.0.0"
      }
    },
    "nanoid": {
      "version": "3.3.4",
      "resolved": "https://registry.npmjs.org/nanoid/-/nanoid-3.3.4.tgz",
      "integrity": "sha512-MqBkQh/OHTS2egovRtLk45wEyNXwF+cokD+1YPf9u5VfJiRdAiRwB2froX5Co9Rh20xs4siNPm8naNotSD6RBw=="
    },
    "next": {
      "version": "13.0.2",
      "resolved": "https://registry.npmjs.org/next/-/next-13.0.2.tgz",
      "integrity": "sha512-uQ5z5e4D9mOe8+upy6bQdYYjo/kk1v3jMW87kTy2TgAyAsEO+CkwRnMgyZ4JoHEnhPZLHwh7dk0XymRNLe1gFw==",
      "requires": {
        "@next/env": "13.0.2",
        "@next/swc-android-arm-eabi": "13.0.2",
        "@next/swc-android-arm64": "13.0.2",
        "@next/swc-darwin-arm64": "13.0.2",
        "@next/swc-darwin-x64": "13.0.2",
        "@next/swc-freebsd-x64": "13.0.2",
        "@next/swc-linux-arm-gnueabihf": "13.0.2",
        "@next/swc-linux-arm64-gnu": "13.0.2",
        "@next/swc-linux-arm64-musl": "13.0.2",
        "@next/swc-linux-x64-gnu": "13.0.2",
        "@next/swc-linux-x64-musl": "13.0.2",
        "@next/swc-win32-arm64-msvc": "13.0.2",
        "@next/swc-win32-ia32-msvc": "13.0.2",
        "@next/swc-win32-x64-msvc": "13.0.2",
        "@swc/helpers": "0.4.11",
        "caniuse-lite": "^1.0.30001406",
        "postcss": "8.4.14",
        "styled-jsx": "5.1.0",
        "use-sync-external-store": "1.2.0"
      }
    },
    "object-assign": {
      "version": "4.1.1",
      "resolved": "https://registry.npmjs.org/object-assign/-/object-assign-4.1.1.tgz",
      "integrity": "sha1-IQmtx5ZYh8/AXLvUQsrIv7s2CGM="
    },
    "picocolors": {
      "version": "1.0.0",
      "resolved": "https://registry.npmjs.org/picocolors/-/picocolors-1.0.0.tgz",
      "integrity": "sha512-1fygroTLlHu66zi26VoTDv8yRgm0Fccecssto+MhsZ0D/DGW2sm8E8AjW7NU5VVTRt5GxbeZ5qBuJr+HyLYkjQ=="
    },
    "postcss": {
      "version": "8.4.14",
      "resolved": "https://registry.npmjs.org/postcss/-/postcss-8.4.14.tgz",
      "integrity": "sha512-E398TUmfAYFPBSdzgeieK2Y1+1cpdxJx8yXbK/m57nRhKSmk1GB2tO4lbLBtlkfPQTDKfe4Xqv1ASWPpayPEig==",
      "requires": {
        "nanoid": "^3.3.4",
        "picocolors": "^1.0.0",
        "source-map-js": "^1.0.2"
      }
    },
    "prop-types": {
      "version": "15.7.2",
      "resolved": "https://registry.npmjs.org/prop-types/-/prop-types-15.7.2.tgz",
      "integrity": "sha512-8QQikdH7//R2vurIJSutZ1smHYTcLpRWEOlHnzcWHmBYrOGUysKwSsrC89BCiFj3CbrfJ/nXFdJepOVrY1GCHQ==",
      "requires": {
        "loose-envify": "^1.4.0",
        "object-assign": "^4.1.1",
        "react-is": "^16.8.1"
      }
    },
    "property-expr": {
      "version": "2.0.4",
      "resolved": "https://registry.npmjs.org/property-expr/-/property-expr-2.0.4.tgz",
      "integrity": "sha512-sFPkHQjVKheDNnPvotjQmm3KD3uk1fWKUN7CrpdbwmUx3CrG3QiM8QpTSimvig5vTXmTvjz7+TDvXOI9+4rkcg=="
    },
    "react": {
      "version": "16.13.1",
      "resolved": "https://registry.npmjs.org/react/-/react-16.13.1.tgz",
      "integrity": "sha512-YMZQQq32xHLX0bz5Mnibv1/LHb3Sqzngu7xstSM+vrkE5Kzr9xE0yMByK5kMoTK30YVJE61WfbxIFFvfeDKT1w==",
      "requires": {
        "loose-envify": "^1.1.0",
        "object-assign": "^4.1.1",
        "prop-types": "^15.6.2"
      }
    },
    "react-dom": {
      "version": "16.13.1",
      "resolved": "https://registry.npmjs.org/react-dom/-/react-dom-16.13.1.tgz",
      "integrity": "sha512-81PIMmVLnCNLO/fFOQxdQkvEq/+Hfpv24XNJfpyZhTRfO0QcmQIF/PgCa1zCOj2w1hrn12MFLyaJ/G0+Mxtfag==",
      "requires": {
        "loose-envify": "^1.1.0",
        "object-assign": "^4.1.1",
        "prop-types": "^15.6.2",
        "scheduler": "^0.19.1"
      }
    },
    "react-fast-compare": {
      "version": "2.0.4",
      "resolved": "https://registry.npmjs.org/react-fast-compare/-/react-fast-compare-2.0.4.tgz",
      "integrity": "sha512-suNP+J1VU1MWFKcyt7RtjiSWUjvidmQSlqu+eHslq+342xCbGTYmC0mEhPCOHxlW0CywylOC1u2DFAT+bv4dBw=="
    },
    "react-i18next": {
      "version": "11.8.15",
      "resolved": "https://registry.npmjs.org/react-i18next/-/react-i18next-11.8.15.tgz",
      "integrity": "sha512-ZbKcbYYKukgDL0MiUWKJTEsEftjSTNVZv67/V+SjPqTRwuF/aL4NbUtuEcb4WjHk0HyZ1M+2wGd07Fp0RUNHKA==",
      "requires": {
        "@babel/runtime": "^7.13.6",
        "html-parse-stringify": "^3.0.1"
      },
      "dependencies": {
        "@babel/runtime": {
          "version": "7.14.0",
          "resolved": "https://registry.npmjs.org/@babel/runtime/-/runtime-7.14.0.tgz",
          "integrity": "sha512-JELkvo/DlpNdJ7dlyw/eY7E0suy5i5GQH+Vlxaq1nsNJ+H7f4Vtv3jMeCEgRhZZQFXTjldYfQgv2qmM6M1v5wA==",
          "requires": {
            "regenerator-runtime": "^0.13.4"
          }
        }
      }
    },
    "react-is": {
      "version": "16.8.6",
      "resolved": "https://registry.npmjs.org/react-is/-/react-is-16.8.6.tgz",
      "integrity": "sha512-aUk3bHfZ2bRSVFFbbeVS4i+lNPZr3/WM5jT2J5omUVV1zzcs1nAaf3l51ctA5FFvCRbhrH0bdAsRRQddFJZPtA=="
    },
    "react-redux": {
      "version": "7.2.0",
      "resolved": "https://registry.npmjs.org/react-redux/-/react-redux-7.2.0.tgz",
      "integrity": "sha512-EvCAZYGfOLqwV7gh849xy9/pt55rJXPwmYvI4lilPM5rUT/1NxuuN59ipdBksRVSvz0KInbPnp4IfoXJXCqiDA==",
      "requires": {
        "@babel/runtime": "^7.5.5",
        "hoist-non-react-statics": "^3.3.0",
        "loose-envify": "^1.4.0",
        "prop-types": "^15.7.2",
        "react-is": "^16.9.0"
      },
      "dependencies": {
        "react-is": {
          "version": "16.13.1",
          "resolved": "https://registry.npmjs.org/react-is/-/react-is-16.13.1.tgz",
          "integrity": "sha512-24e6ynE2H+OKt4kqsOvNd8kBpV65zoxbA4BVsEOB3ARVWQki/DHzaUoC5KuON/BiccDaCCTZBuOcfZs70kR8bQ=="
        }
      }
    },
    "redux": {
      "version": "4.0.5",
      "resolved": "https://registry.npmjs.org/redux/-/redux-4.0.5.tgz",
      "integrity": "sha512-VSz1uMAH24DM6MF72vcojpYPtrTUu3ByVWfPL1nPfVRb5mZVTve5GnNCUV53QM/BZ66xfWrm0CTWoM+Xlz8V1w==",
      "requires": {
        "loose-envify": "^1.4.0",
        "symbol-observable": "^1.2.0"
      }
    },
    "redux-logger": {
      "version": "3.0.6",
      "resolved": "https://registry.npmjs.org/redux-logger/-/redux-logger-3.0.6.tgz",
      "integrity": "sha1-91VZZvMJjzyIYExEnPC69XeCdL8=",
      "requires": {
        "deep-diff": "^0.3.5"
      }
    },
    "redux-saga": {
      "version": "1.1.3",
      "resolved": "https://registry.npmjs.org/redux-saga/-/redux-saga-1.1.3.tgz",
      "integrity": "sha512-RkSn/z0mwaSa5/xH/hQLo8gNf4tlvT18qXDNvedihLcfzh+jMchDgaariQoehCpgRltEm4zHKJyINEz6aqswTw==",
      "requires": {
        "@redux-saga/core": "^1.1.3"
      }
    },
    "redux-thunk": {
      "version": "2.3.0",
      "resolved": "https://registry.npmjs.org/redux-thunk/-/redux-thunk-2.3.0.tgz",
      "integrity": "sha512-km6dclyFnmcvxhAcrQV2AkZmPQjzPDjgVlQtR0EQjxZPyJ0BnMf3in1ryuR8A2qU0HldVRfxYXbFSKlI3N7Slw=="
    },
    "regenerator-runtime": {
      "version": "0.13.5",
      "resolved": "https://registry.npmjs.org/regenerator-runtime/-/regenerator-runtime-0.13.5.tgz",
      "integrity": "sha512-ZS5w8CpKFinUzOwW3c83oPeVXoNsrLsaCoLtJvAClH135j/R77RuymhiSErhm2lKcwSCIpmvIWSbDkIfAqKQlA=="
    },
    "reselect": {
      "version": "4.0.0",
      "resolved": "https://registry.npmjs.org/reselect/-/reselect-4.0.0.tgz",
      "integrity": "sha512-qUgANli03jjAyGlnbYVAV5vvnOmJnODyABz51RdBN7M4WaVu8mecZWgyQNkG8Yqe3KRGRt0l4K4B3XVEULC4CA=="
    },
    "safer-buffer": {
      "version": "2.1.2",
      "resolved": "https://registry.npmjs.org/safer-buffer/-/safer-buffer-2.1.2.tgz",
      "integrity": "sha512-YZo3K82SD7Riyi0E1EQPojLz7kpepnSQI9IyPbHHg1XXXevb5dJI7tpyN2ADxGcQbHG7vcyRHk0cbwqcQriUtg=="
    },
    "scheduler": {
      "version": "0.19.1",
      "resolved": "https://registry.npmjs.org/scheduler/-/scheduler-0.19.1.tgz",
      "integrity": "sha512-n/zwRWRYSUj0/3g/otKDRPMh6qv2SYMWNq85IEa8iZyAv8od9zDYpGSnpBEjNgcMNq6Scbu5KfIPxNF72R/2EA==",
      "requires": {
        "loose-envify": "^1.1.0",
        "object-assign": "^4.1.1"
      }
    },
    "source-map-js": {
      "version": "1.0.2",
      "resolved": "https://registry.npmjs.org/source-map-js/-/source-map-js-1.0.2.tgz",
      "integrity": "sha512-R0XvVJ9WusLiqTCEiGCmICCMplcCkIwwR11mOSD9CR5u+IXYdiseeEuXCVAjS54zqwkLcPNnmU4OeJ6tUrWhDw=="
    },
    "styled-jsx": {
      "version": "5.1.0",
      "resolved": "https://registry.npmjs.org/styled-jsx/-/styled-jsx-5.1.0.tgz",
      "integrity": "sha512-/iHaRJt9U7T+5tp6TRelLnqBqiaIT0HsO0+vgyj8hK2KUk7aejFqRrumqPUlAqDwAj8IbS/1hk3IhBAAK/FCUQ==",
      "requires": {
        "client-only": "0.0.1"
      }
    },
    "symbol-observable": {
      "version": "1.2.0",
      "resolved": "https://registry.npmjs.org/symbol-observable/-/symbol-observable-1.2.0.tgz",
      "integrity": "sha512-e900nM8RRtGhlV36KGEU9k65K3mPb1WV70OdjfxlG2EAuM1noi/E/BaW/uMhL7bPEssK8QV57vN3esixjUvcXQ=="
    },
    "synchronous-promise": {
      "version": "2.0.15",
      "resolved": "https://registry.npmjs.org/synchronous-promise/-/synchronous-promise-2.0.15.tgz",
      "integrity": "sha512-k8uzYIkIVwmT+TcglpdN50pS2y1BDcUnBPK9iJeGu0Pl1lOI8pD6wtzgw91Pjpe+RxtTncw32tLxs/R0yNL2Mg=="
    },
    "tiny-warning": {
      "version": "1.0.3",
      "resolved": "https://registry.npmjs.org/tiny-warning/-/tiny-warning-1.0.3.tgz",
      "integrity": "sha512-lBN9zLN/oAf68o3zNXYrdCt1kP8WsiGW8Oo2ka41b2IM5JL/S1CTyX1rW0mb/zSuJun0ZUrDxx4sqvYS2FWzPA=="
    },
    "toposort": {
      "version": "2.0.2",
      "resolved": "https://registry.npmjs.org/toposort/-/toposort-2.0.2.tgz",
      "integrity": "sha1-riF2gXXRVZ1IvvNUILL0li8JwzA="
    },
    "tslib": {
      "version": "1.11.1",
      "resolved": "https://registry.npmjs.org/tslib/-/tslib-1.11.1.tgz",
      "integrity": "sha512-aZW88SY8kQbU7gpV19lN24LtXh/yD4ZZg6qieAJDDg+YBsJcSmLGK9QpnUjAKVG/xefmvJGd1WUmfpT/g6AJGA=="
    },
    "typescript-compare": {
      "version": "0.0.2",
      "resolved": "https://registry.npmjs.org/typescript-compare/-/typescript-compare-0.0.2.tgz",
      "integrity": "sha512-8ja4j7pMHkfLJQO2/8tut7ub+J3Lw2S3061eJLFQcvs3tsmJKp8KG5NtpLn7KcY2w08edF74BSVN7qJS0U6oHA==",
      "requires": {
        "typescript-logic": "^0.0.0"
      }
    },
    "typescript-logic": {
      "version": "0.0.0",
      "resolved": "https://registry.npmjs.org/typescript-logic/-/typescript-logic-0.0.0.tgz",
      "integrity": "sha512-zXFars5LUkI3zP492ls0VskH3TtdeHCqu0i7/duGt60i5IGPIpAHE/DWo5FqJ6EjQ15YKXrt+AETjv60Dat34Q=="
    },
    "typescript-tuple": {
      "version": "2.2.1",
      "resolved": "https://registry.npmjs.org/typescript-tuple/-/typescript-tuple-2.2.1.tgz",
      "integrity": "sha512-Zcr0lbt8z5ZdEzERHAMAniTiIKerFCMgd7yjq1fPnDJ43et/k9twIFQMUYff9k5oXcsQ0WpvFcgzK2ZKASoW6Q==",
      "requires": {
        "typescript-compare": "^0.0.2"
      }
    },
    "use-sync-external-store": {
      "version": "1.2.0",
      "resolved": "https://registry.npmjs.org/use-sync-external-store/-/use-sync-external-store-1.2.0.tgz",
      "integrity": "sha512-eEgnFxGQ1Ife9bzYs6VLi8/4X6CObHMw9Qr9tPY43iKwsPw8xE8+EFsf/2cFZ5S3esXgpWgtSCtLNS41F+sKPA=="
    },
    "void-elements": {
      "version": "3.1.0",
      "resolved": "https://registry.npmjs.org/void-elements/-/void-elements-3.1.0.tgz",
      "integrity": "sha1-YU9/v42AHwu18GYfWy9XhXUOTwk="
    },
    "whatwg-fetch": {
      "version": "3.0.0",
      "resolved": "https://registry.npmjs.org/whatwg-fetch/-/whatwg-fetch-3.0.0.tgz",
      "integrity": "sha512-9GSJUgz1D4MfyKU7KRqwOjXCXTqWdFNvEr7eUBYchQiVc744mqK/MzXPNR2WsPkmkOa4ywfg8C2n8h+13Bey1Q=="
    },
    "yup": {
      "version": "0.28.5",
      "resolved": "https://registry.npmjs.org/yup/-/yup-0.28.5.tgz",
      "integrity": "sha512-7JZcvpUGUxMKoaEtcoMEM8lCWRaueGNH/A3EhL/UWqfbFm3uloiI+x59Yq4nzhbbYWUTwAsCteaZOJ+VbqI1uw==",
      "requires": {
        "@babel/runtime": "^7.9.6",
        "fn-name": "~3.0.0",
        "lodash": "^4.17.15",
        "lodash-es": "^4.17.11",
        "property-expr": "^2.0.2",
        "synchronous-promise": "^2.0.10",
        "toposort": "^2.0.2"
      },
      "dependencies": {
        "@babel/runtime": {
          "version": "7.14.0",
          "resolved": "https://registry.npmjs.org/@babel/runtime/-/runtime-7.14.0.tgz",
          "integrity": "sha512-JELkvo/DlpNdJ7dlyw/eY7E0suy5i5GQH+Vlxaq1nsNJ+H7f4Vtv3jMeCEgRhZZQFXTjldYfQgv2qmM6M1v5wA==",
          "requires": {
            "regenerator-runtime": "^0.13.4"
          }
        }
      }
    }
  }
}
